
Microsoft Visual Studio Solution File, Format Version 12.00
# Visual Studio Version 17
VisualStudioVersion = 17.0.31919.166
MinimumVisualStudioVersion = 10.0.40219.1
Project("{FAE04EC0-301F-11D3-BF4B-00C04F79EFBC}") = "SeriesTracker", "SeriesTracker\SeriesTracker.csproj", "{BCB8174B-051D-495B-98BD-05EB4A767FFC}"
EndProject
Global
	GlobalSection(SolutionConfigurationPlatforms) = preSolution
		Debug|Any CPU = Debug|Any CPU
		Release|Any CPU = Release|Any CPU
	EndGlobalSection
	GlobalSection(ProjectConfigurationPlatforms) = postSolution
		{BCB8174B-051D-495B-98BD-05EB4A767FFC}.Debug|Any CPU.ActiveCfg = Debug|Any CPU
		{BCB8174B-051D-495B-98BD-05EB4A767FFC}.Debug|Any CPU.Build.0 = Debug|Any CPU
		{BCB8174B-051D-495B-98BD-05EB4A767FFC}.Release|Any CPU.ActiveCfg = Release|Any CPU
		{BCB8174B-051D-495B-98BD-05EB4A767FFC}.Release|Any CPU.Build.0 = Release|Any CPU
	EndGlobalSection
	GlobalSection(SolutionProperties) = preSolution
		HideSolutionNode = FALSE
	EndGlobalSection
	GlobalSection(ExtensibilityGlobals) = postSolution
		SolutionGuid = {3480A518-FE75-45B4-8807-4615F6EB0432}
	EndGlobalSection
EndGlobal
